// !$*UTF8*$!
{
	archiveVersion = 1;
	classes = {
	};
	objectVersion = 77;
	objects = {

/* Begin PBXContainerItemProxy section */
		6B2DCB762D0A1826006059A2 /* PBXContainerItemProxy */ = {
			isa = PBXContainerItemProxy;
			containerPortal = 6B2DCB542D0A1825006059A2 /* Project object */;
			proxyType = 1;
			remoteGlobalIDString = 6B2DCB5B2D0A1825006059A2;
			remoteInfo = CoreDataExample_Han_Jiali_4385;
		};
		6B2DCB802D0A1826006059A2 /* PBXContainerItemProxy */ = {
			isa = PBXContainerItemProxy;
			containerPortal = 6B2DCB542D0A1825006059A2 /* Project object */;
			proxyType = 1;
			remoteGlobalIDString = 6B2DCB5B2D0A1825006059A2;
			remoteInfo = CoreDataExample_Han_Jiali_4385;
		};
/* End PBXContainerItemProxy section */

/* Begin PBXFileReference section */
		6B2DCB5C2D0A1825006059A2 /* CoreDataExample_Han_Jiali_4385.app */ = {isa = PBXFileReference; explicitFileType = wrapper.application; includeInIndex = 0; path = CoreDataExample_Han_Jiali_4385.app; sourceTree = BUILT_PRODUCTS_DIR; };
		6B2DCB752D0A1826006059A2 /* CoreDataExample_Han_Jiali_4385Tests.xctest */ = {isa = PBXFileReference; explicitFileType = wrapper.cfbundle; includeInIndex = 0; path = CoreDataExample_Han_Jiali_4385Tests.xctest; sourceTree = BUILT_PRODUCTS_DIR; };
		6B2DCB7F2D0A1826006059A2 /* CoreDataExample_Han_Jiali_4385UITests.xctest */ = {isa = PBXFileReference; explicitFileType = wrapper.cfbundle; includeInIndex = 0; path = CoreDataExample_Han_Jiali_4385UITests.xctest; sourceTree = BUILT_PRODUCTS_DIR; };
/* End PBXFileReference section */

/* Begin PBXFileSystemSynchronizedBuildFileExceptionSet section */
		6B2DCB872D0A1826006059A2 /* Exceptions for "CoreDataExample_Han_Jiali_4385" folder in "CoreDataExample_Han_Jiali_4385" target */ = {
			isa = PBXFileSystemSynchronizedBuildFileExceptionSet;
			membershipExceptions = (
				Info.plist,
			);
			target = 6B2DCB5B2D0A1825006059A2 /* CoreDataExample_Han_Jiali_4385 */;
		};
/* End PBXFileSystemSynchronizedBuildFileExceptionSet section */

/* Begin PBXFileSystemSynchronizedRootGroup section */
		6B2DCB5E2D0A1825006059A2 /* CoreDataExample_Han_Jiali_4385 */ = {
			isa = PBXFileSystemSynchronizedRootGroup;
			exceptions = (
				6B2DCB872D0A1826006059A2 /* Exceptions for "CoreDataExample_Han_Jiali_4385" folder in "CoreDataExample_Han_Jiali_4385" target */,
			);
			path = CoreDataExample_Han_Jiali_4385;
			sourceTree = "<group>";
		};
		6B2DCB782D0A1826006059A2 /* CoreDataExample_Han_Jiali_4385Tests */ = {
			isa = PBXFileSystemSynchronizedRootGroup;
			path = CoreDataExample_Han_Jiali_4385Tests;
			sourceTree = "<group>";
		};
		6B2DCB822D0A1826006059A2 /* CoreDataExample_Han_Jiali_4385UITests */ = {
			isa = PBXFileSystemSynchronizedRootGroup;
			path = CoreDataExample_Han_Jiali_4385UITests;
			sourceTree = "<group>";
		};
/* End PBXFileSystemSynchronizedRootGroup section */

/* Begin PBXFrameworksBuildPhase section */
		6B2DCB592D0A1825006059A2 /* Frameworks */ = {
			isa = PBXFrameworksBuildPhase;
			buildActionMask = 2147483647;
			files = (
			);
			runOnlyForDeploymentPostprocessing = 0;
		};
		6B2DCB722D0A1826006059A2 /* Frameworks */ = {
			isa = PBXFrameworksBuildPhase;
			buildActionMask = 2147483647;
			files = (
			);
			runOnlyForDeploymentPostprocessing = 0;
		};
		6B2DCB7C2D0A1826006059A2 /* Frameworks */ = {
			isa = PBXFrameworksBuildPhase;
			buildActionMask = 2147483647;
			files = (
			);
			runOnlyForDeploymentPostprocessing = 0;
		};
/* End PBXFrameworksBuildPhase section */

/* Begin PBXGroup section */
		6B2DCB532D0A1825006059A2 = {
			isa = PBXGroup;
			children = (
				6B2DCB5E2D0A1825006059A2 /* CoreDataExample_Han_Jiali_4385 */,
				6B2DCB782D0A1826006059A2 /* CoreDataExample_Han_Jiali_4385Tests */,
				6B2DCB822D0A1826006059A2 /* CoreDataExample_Han_Jiali_4385UITests */,
				6B2DCB5D2D0A1825006059A2 /* Products */,
			);
			sourceTree = "<group>";
		};
		6B2DCB5D2D0A1825006059A2 /* Products */ = {
			isa = PBXGroup;
			children = (
				6B2DCB5C2D0A1825006059A2 /* CoreDataExample_Han_Jiali_4385.app */,
				6B2DCB752D0A1826006059A2 /* CoreDataExample_Han_Jiali_4385Tests.xctest */,
				6B2DCB7F2D0A1826006059A2 /* CoreDataExample_Han_Jiali_4385UITests.xctest */,
			);
			name = Products;
			sourceTree = "<group>";
		};
/* End PBXGroup section */

/* Begin PBXNativeTarget section */
		6B2DCB5B2D0A1825006059A2 /* CoreDataExample_Han_Jiali_4385 */ = {
			isa = PBXNativeTarget;
			buildConfigurationList = 6B2DCB882D0A1826006059A2 /* Build configuration list for PBXNativeTarget "CoreDataExample_Han_Jiali_4385" */;
			buildPhases = (
				6B2DCB582D0A1825006059A2 /* Sources */,
				6B2DCB592D0A1825006059A2 /* Frameworks */,
				6B2DCB5A2D0A1825006059A2 /* Resources */,
			);
			buildRules = (
			);
			dependencies = (
			);
			fileSystemSynchronizedGroups = (
				6B2DCB5E2D0A1825006059A2 /* CoreDataExample_Han_Jiali_4385 */,
			);
			name = CoreDataExample_Han_Jiali_4385;
			packageProductDependencies = (
			);
			productName = CoreDataExample_Han_Jiali_4385;
			productReference = 6B2DCB5C2D0A1825006059A2 /* CoreDataExample_Han_Jiali_4385.app */;
			productType = "com.apple.product-type.application";
		};
		6B2DCB742D0A1826006059A2 /* CoreDataExample_Han_Jiali_4385Tests */ = {
			isa = PBXNativeTarget;
			buildConfigurationList = 6B2DCB8D2D0A1826006059A2 /* Build configuration list for PBXNativeTarget "CoreDataExample_Han_Jiali_4385Tests" */;
			buildPhases = (
				6B2DCB712D0A1826006059A2 /* Sources */,
				6B2DCB722D0A1826006059A2 /* Frameworks */,
				6B2DCB732D0A1826006059A2 /* Resources */,
			);
			buildRules = (
			);
			dependencies = (
				6B2DCB772D0A1826006059A2 /* PBXTargetDependency */,
			);
			fileSystemSynchronizedGroups = (
				6B2DCB782D0A1826006059A2 /* CoreDataExample_Han_Jiali_4385Tests */,
			);
			name = CoreDataExample_Han_Jiali_4385Tests;
			packageProductDependencies = (
			);
			productName = CoreDataExample_Han_Jiali_4385Tests;
			productReference = 6B2DCB752D0A1826006059A2 /* CoreDataExample_Han_Jiali_4385Tests.xctest */;
			productType = "com.apple.product-type.bundle.unit-test";
		};
		6B2DCB7E2D0A1826006059A2 /* CoreDataExample_Han_Jiali_4385UITests */ = {
			isa = PBXNativeTarget;
			buildConfigurationList = 6B2DCB902D0A1826006059A2 /* Build configuration list for PBXNativeTarget "CoreDataExample_Han_Jiali_4385UITests" */;
			buildPhases = (
				6B2DCB7B2D0A1826006059A2 /* Sources */,
				6B2DCB7C2D0A1826006059A2 /* Frameworks */,
				6B2DCB7D2D0A1826006059A2 /* Resources */,
			);
			buildRules = (
			);
			dependencies = (
				6B2DCB812D0A1826006059A2 /* PBXTargetDependency */,
			);
			fileSystemSynchronizedGroups = (
				6B2DCB822D0A1826006059A2 /* CoreDataExample_Han_Jiali_4385UITests */,
			);
			name = CoreDataExample_Han_Jiali_4385UITests;
			packageProductDependencies = (
			);
			productName = CoreDataExample_Han_Jiali_4385UITests;
			productReference = 6B2DCB7F2D0A1826006059A2 /* CoreDataExample_Han_Jiali_4385UITests.xctest */;
			productType = "com.apple.product-type.bundle.ui-testing";
		};
/* End PBXNativeTarget section */

/* Begin PBXProject section */
		6B2DCB542D0A1825006059A2 /* Project object */ = {
			isa = PBXProject;
			attributes = {
				BuildIndependentTargetsInParallel = 1;
				LastSwiftUpdateCheck = 1610;
				LastUpgradeCheck = 1610;
				TargetAttributes = {
					6B2DCB5B2D0A1825006059A2 = {
						CreatedOnToolsVersion = 16.1;
					};
					6B2DCB742D0A1826006059A2 = {
						CreatedOnToolsVersion = 16.1;
						TestTargetID = 6B2DCB5B2D0A1825006059A2;
					};
					6B2DCB7E2D0A1826006059A2 = {
						CreatedOnToolsVersion = 16.1;
						TestTargetID = 6B2DCB5B2D0A1825006059A2;
					};
				};
			};
			buildConfigurationList = 6B2DCB572D0A1825006059A2 /* Build configuration list for PBXProject "CoreDataExample_Han_Jiali_4385" */;
			developmentRegion = en;
			hasScannedForEncodings = 0;
			knownRegions = (
				en,
				Base,
			);
			mainGroup = 6B2DCB532D0A1825006059A2;
			minimizedProjectReferenceProxies = 1;
			preferredProjectObjectVersion = 77;
			productRefGroup = 6B2DCB5D2D0A1825006059A2 /* Products */;
			projectDirPath = "";
			projectRoot = "";
			targets = (
				6B2DCB5B2D0A1825006059A2 /* CoreDataExample_Han_Jiali_4385 */,
				6B2DCB742D0A1826006059A2 /* CoreDataExample_Han_Jiali_4385Tests */,
				6B2DCB7E2D0A1826006059A2 /* CoreDataExample_Han_Jiali_4385UITests */,
			);
		};
/* End PBXProject section */

/* Begin PBXResourcesBuildPhase section */
		6B2DCB5A2D0A1825006059A2 /* Resources */ = {
			isa = PBXResourcesBuildPhase;
			buildActionMask = 2147483647;
			files = (
			);
			runOnlyForDeploymentPostprocessing = 0;
		};
		6B2DCB732D0A1826006059A2 /* Resources */ = {
			isa = PBXResourcesBuildPhase;
			buildActionMask = 2147483647;
			files = (
			);
			runOnlyForDeploymentPostprocessing = 0;
		};
		6B2DCB7D2D0A1826006059A2 /* Resources */ = {
			isa = PBXResourcesBuildPhase;
			buildActionMask = 2147483647;
			files = (
			);
			runOnlyForDeploymentPostprocessing = 0;
		};
/* End PBXResourcesBuildPhase section */

/* Begin PBXSourcesBuildPhase section */
		6B2DCB582D0A1825006059A2 /* Sources */ = {
			isa = PBXSourcesBuildPhase;
			buildActionMask = 2147483647;
			files = (
			);
			runOnlyForDeploymentPostprocessing = 0;
		};
		6B2DCB712D0A1826006059A2 /* Sources */ = {
			isa = PBXSourcesBuildPhase;
			buildActionMask = 2147483647;
			files = (
			);
			runOnlyForDeploymentPostprocessing = 0;
		};
		6B2DCB7B2D0A1826006059A2 /* Sources */ = {
			isa = PBXSourcesBuildPhase;
			buildActionMask = 2147483647;
			files = (
			);
			runOnlyForDeploymentPostprocessing = 0;
		};
/* End PBXSourcesBuildPhase section */

/* Begin PBXTargetDependency section */
		6B2DCB772D0A1826006059A2 /* PBXTargetDependency */ = {
			isa = PBXTargetDependency;
			target = 6B2DCB5B2D0A1825006059A2 /* CoreDataExample_Han_Jiali_4385 */;
			targetProxy = 6B2DCB762D0A1826006059A2 /* PBXContainerItemProxy */;
		};
		6B2DCB812D0A1826006059A2 /* PBXTargetDependency */ = {
			isa = PBXTargetDependency;
			target = 6B2DCB5B2D0A1825006059A2 /* CoreDataExample_Han_Jiali_4385 */;
			targetProxy = 6B2DCB802D0A1826006059A2 /* PBXContainerItemProxy */;
		};
/* End PBXTargetDependency section */

/* Begin XCBuildConfiguration section */
		6B2DCB892D0A1826006059A2 /* Debug */ = {
			isa = XCBuildConfiguration;
			buildSettings = {
				ASSETCATALOG_COMPILER_APPICON_NAME = AppIcon;
				ASSETCATALOG_COMPILER_GLOBAL_ACCENT_COLOR_NAME = AccentColor;
				CODE_SIGN_STYLE = Automatic;
				CURRENT_PROJECT_VERSION = 1;
				DEVELOPMENT_TEAM = 9A722U8236;
				GENERATE_INFOPLIST_FILE = YES;
				INFOPLIST_FILE = CoreDataExample_Han_Jiali_4385/Info.plist;
				INFOPLIST_KEY_UIApplicationSupportsIndirectInputEvents = YES;
				INFOPLIST_KEY_UILaunchStoryboardName = LaunchScreen;
				INFOPLIST_KEY_UIMainStoryboardFile = Main;
				INFOPLIST_KEY_UISupportedInterfaceOrientations_iPad = "UIInterfaceOrientationPortrait UIInterfaceOrientationPortraitUpsideDown UIInterfaceOrientationLandscapeLeft UIInterfaceOrientationLandscapeRight";
				INFOPLIST_KEY_UISupportedInterfaceOrientations_iPhone = "UIInterfaceOrientationPortrait UIInterfaceOrientationLandscapeLeft UIInterfaceOrientationLandscapeRight";
				LD_RUNPATH_SEARCH_PATHS = (
					"$(inherited)",
					"@executable_path/Frameworks",
				);
				MARKETING_VERSION = 1.0;
				PRODUCT_BUNDLE_IDENTIFIER = "jialihan.com.nuios.CoreDataExample-Han-Jiali-4385";
				PRODUCT_NAME = "$(TARGET_NAME)";
				SWIFT_EMIT_LOC_STRINGS = YES;
				SWIFT_VERSION = 5.0;
				TARGETED_DEVICE_FAMILY = "1,2";
			};
			name = Debug;
		};
		6B2DCB8A2D0A1826006059A2 /* Release */ = {
			isa = XCBuildConfiguration;
			buildSettings = {
				ASSETCATALOG_COMPILER_APPICON_NAME = AppIcon;
				ASSETCATALOG_COMPILER_GLOBAL_ACCENT_COLOR_NAME = AccentColor;
				CODE_SIGN_STYLE = Automatic;
				CURRENT_PROJECT_VERSION = 1;
				DEVELOPMENT_TEAM = 9A722U8236;
				GENERATE_INFOPLIST_FILE = YES;
				INFOPLIST_FILE = CoreDataExample_Han_Jiali_4385/Info.plist;
				INFOPLIST_KEY_UIApplicationSupportsIndirectInputEvents = YES;
				INFOPLIST_KEY_UILaunchStoryboardName = LaunchScreen;
				INFOPLIST_KEY_UIMainStoryboardFile = Main;
				INFOPLIST_KEY_UISupportedInterfaceOrientations_iPad = "UIInterfaceOrientationPortrait UIInterfaceOrientationPortraitUpsideDown UIInterfaceOrientationLandscapeLeft UIInterfaceOrientationLandscapeRight";
				INFOPLIST_KEY_UISupportedInterfaceOrientations_iPhone = "UIInterfaceOrientationPortrait UIInterfaceOrientationLandscapeLeft UIInterfaceOrientationLandscapeRight";
				LD_RUNPATH_SEARCH_PATHS = (
					"$(inherited)",
					"@executable_path/Frameworks",
				);
				MARKETING_VERSION = 1.0;
				PRODUCT_BUNDLE_IDENTIFIER = "jialihan.com.nuios.CoreDataExample-Han-Jiali-4385";
				PRODUCT_NAME = "$(TARGET_NAME)";
				SWIFT_EMIT_LOC_STRINGS = YES;
				SWIFT_VERSION = 5.0;
				TARGETED_DEVICE_FAMILY = "1,2";
			};
			name = Release;
		};
		6B2DCB8B2D0A1826006059A2 /* Debug */ = {
			isa = XCBuildConfiguration;
			buildSettings = {
				ALWAYS_SEARCH_USER_PATHS = NO;
				ASSETCATALOG_COMPILER_GENERATE_SWIFT_ASSET_SYMBOL_EXTENSIONS = YES;
				CLANG_ANALYZER_NONNULL = YES;
				CLANG_ANALYZER_NUMBER_OBJECT_CONVERSION = YES_AGGRESSIVE;
				CLANG_CXX_LANGUAGE_STANDARD = "gnu++20";
				CLANG_ENABLE_MODULES = YES;
				CLANG_ENABLE_OBJC_ARC = YES;
				CLANG_ENABLE_OBJC_WEAK = YES;
				CLANG_WARN_BLOCK_CAPTURE_AUTORELEASING = YES;
				CLANG_WARN_BOOL_CONVERSION = YES;
				CLANG_WARN_COMMA = YES;
				CLANG_WARN_CONSTANT_CONVERSION = YES;
				CLANG_WARN_DEPRECATED_OBJC_IMPLEMENTATIONS = YES;
				CLANG_WARN_DIRECT_OBJC_ISA_USAGE = YES_ERROR;
				CLANG_WARN_DOCUMENTATION_COMMENTS = YES;
				CLANG_WARN_EMPTY_BODY = YES;
				CLANG_WARN_ENUM_CONVERSION = YES;
				CLANG_WARN_INFINITE_RECURSION = YES;
				CLANG_WARN_INT_CONVERSION = YES;
				CLANG_WARN_NON_LITERAL_NULL_CONVERSION = YES;
				CLANG_WARN_OBJC_IMPLICIT_RETAIN_SELF = YES;
				CLANG_WARN_OBJC_LITERAL_CONVERSION = YES;
				CLANG_WARN_OBJC_ROOT_CLASS = YES_ERROR;
				CLANG_WARN_QUOTED_INCLUDE_IN_FRAMEWORK_HEADER = YES;
				CLANG_WARN_RANGE_LOOP_ANALYSIS = YES;
				CLANG_WARN_STRICT_PROTOTYPES = YES;
				CLANG_WARN_SUSPICIOUS_MOVE = YES;
				CLANG_WARN_UNGUARDED_AVAILABILITY = YES_AGGRESSIVE;
				CLANG_WARN_UNREACHABLE_CODE = YES;
				CLANG_WARN__DUPLICATE_METHOD_MATCH = YES;
				COPY_PHASE_STRIP = NO;
				DEBUG_INFORMATION_FORMAT = dwarf;
				ENABLE_STRICT_OBJC_MSGSEND = YES;
				ENABLE_TESTABILITY = YES;
				ENABLE_USER_SCRIPT_SANDBOXING = YES;
				GCC_C_LANGUAGE_STANDARD = gnu17;
				GCC_DYNAMIC_NO_PIC = NO;
				GCC_NO_COMMON_BLOCKS = YES;
				GCC_OPTIMIZATION_LEVEL = 0;
				GCC_PREPROCESSOR_DEFINITIONS = (
					"DEBUG=1",
					"$(inherited)",
				);
				GCC_WARN_64_TO_32_BIT_CONVERSION = YES;
				GCC_WARN_ABOUT_RETURN_TYPE = YES_ERROR;
				GCC_WARN_UNDECLARED_SELECTOR = YES;
				GCC_WARN_UNINITIALIZED_AUTOS = YES_AGGRESSIVE;
				GCC_WARN_UNUSED_FUNCTION = YES;
				GCC_WARN_UNUSED_VARIABLE = YES;
				IPHONEOS_DEPLOYMENT_TARGET = 18.1;
				LOCALIZATION_PREFERS_STRING_CATALOGS = YES;
				MTL_ENABLE_DEBUG_INFO = INCLUDE_SOURCE;
				MTL_FAST_MATH = YES;
				ONLY_ACTIVE_ARCH = YES;
				SDKROOT = iphoneos;
				SWIFT_ACTIVE_COMPILATION_CONDITIONS = "DEBUG $(inherited)";
				SWIFT_OPTIMIZATION_LEVEL = "-Onone";
			};
			name = Debug;
		};
		6B2DCB8C2D0A1826006059A2 /* Release */ = {
			isa = XCBuildConfiguration;
			buildSettings = {
				ALWAYS_SEARCH_USER_PATHS = NO;
				ASSETCATALOG_COMPILER_GENERATE_SWIFT_ASSET_SYMBOL_EXTENSIONS = YES;
				CLANG_ANALYZER_NONNULL = YES;
				CLANG_ANALYZER_NUMBER_OBJECT_CONVERSION = YES_AGGRESSIVE;
				CLANG_CXX_LANGUAGE_STANDARD = "gnu++20";
				CLANG_ENABLE_MODULES = YES;
				CLANG_ENABLE_OBJC_ARC = YES;
				CLANG_ENABLE_OBJC_WEAK = YES;
				CLANG_WARN_BLOCK_CAPTURE_AUTORELEASING = YES;
				CLANG_WARN_BOOL_CONVERSION = YES;
				CLANG_WARN_COMMA = YES;
				CLANG_WARN_CONSTANT_CONVERSION = YES;
				CLANG_WARN_DEPRECATED_OBJC_IMPLEMENTATIONS = YES;
				CLANG_WARN_DIRECT_OBJC_ISA_USAGE = YES_ERROR;
				CLANG_WARN_DOCUMENTATION_COMMENTS = YES;
				CLANG_WARN_EMPTY_BODY = YES;
				CLANG_WARN_ENUM_CONVERSION = YES;
				CLANG_WARN_INFINITE_RECURSION = YES;
				CLANG_WARN_INT_CONVERSION = YES;
				CLANG_WARN_NON_LITERAL_NULL_CONVERSION = YES;
				CLANG_WARN_OBJC_IMPLICIT_RETAIN_SELF = YES;
				CLANG_WARN_OBJC_LITERAL_CONVERSION = YES;
				CLANG_WARN_OBJC_ROOT_CLASS = YES_ERROR;
				CLANG_WARN_QUOTED_INCLUDE_IN_FRAMEWORK_HEADER = YES;
				CLANG_WARN_RANGE_LOOP_ANALYSIS = YES;
				CLANG_WARN_STRICT_PROTOTYPES = YES;
				CLANG_WARN_SUSPICIOUS_MOVE = YES;
				CLANG_WARN_UNGUARDED_AVAILABILITY = YES_AGGRESSIVE;
				CLANG_WARN_UNREACHABLE_CODE = YES;
				CLANG_WARN__DUPLICATE_METHOD_MATCH = YES;
				COPY_PHASE_STRIP = NO;
				DEBUG_INFORMATION_FORMAT = "dwarf-with-dsym";
				ENABLE_NS_ASSERTIONS = NO;
				ENABLE_STRICT_OBJC_MSGSEND = YES;
				ENABLE_USER_SCRIPT_SANDBOXING = YES;
				GCC_C_LANGUAGE_STANDARD = gnu17;
				GCC_NO_COMMON_BLOCKS = YES;
				GCC_WARN_64_TO_32_BIT_CONVERSION = YES;
				GCC_WARN_ABOUT_RETURN_TYPE = YES_ERROR;
				GCC_WARN_UNDECLARED_SELECTOR = YES;
				GCC_WARN_UNINITIALIZED_AUTOS = YES_AGGRESSIVE;
				GCC_WARN_UNUSED_FUNCTION = YES;
				GCC_WARN_UNUSED_VARIABLE = YES;
				IPHONEOS_DEPLOYMENT_TARGET = 18.1;
				LOCALIZATION_PREFERS_STRING_CATALOGS = YES;
				MTL_ENABLE_DEBUG_INFO = NO;
				MTL_FAST_MATH = YES;
				SDKROOT = iphoneos;
				SWIFT_COMPILATION_MODE = wholemodule;
				VALIDATE_PRODUCT = YES;
			};
			name = Release;
		};
		6B2DCB8E2D0A1826006059A2 /* Debug */ = {
			isa = XCBuildConfiguration;
			buildSettings = {
				BUNDLE_LOADER = "$(TEST_HOST)";
				CODE_SIGN_STYLE = Automatic;
				CURRENT_PROJECT_VERSION = 1;
				DEVELOPMENT_TEAM = 9A722U8236;
				GENERATE_INFOPLIST_FILE = YES;
				IPHONEOS_DEPLOYMENT_TARGET = 18.1;
				MARKETING_VERSION = 1.0;
				PRODUCT_BUNDLE_IDENTIFIER = "jialihan.com.nuios.CoreDataExample-Han-Jiali-4385Tests";
				PRODUCT_NAME = "$(TARGET_NAME)";
				SWIFT_EMIT_LOC_STRINGS = NO;
				SWIFT_VERSION = 5.0;
				TARGETED_DEVICE_FAMILY = "1,2";
				TEST_HOST = "$(BUILT_PRODUCTS_DIR)/CoreDataExample_Han_Jiali_4385.app/$(BUNDLE_EXECUTABLE_FOLDER_PATH)/CoreDataExample_Han_Jiali_4385";
			};
			name = Debug;
		};
		6B2DCB8F2D0A1826006059A2 /* Release */ = {
			isa = XCBuildConfiguration;
			buildSettings = {
				BUNDLE_LOADER = "$(TEST_HOST)";
				CODE_SIGN_STYLE = Automatic;
				CURRENT_PROJECT_VERSION = 1;
				DEVELOPMENT_TEAM = 9A722U8236;
				GENERATE_INFOPLIST_FILE = YES;
				IPHONEOS_DEPLOYMENT_TARGET = 18.1;
				MARKETING_VERSION = 1.0;
				PRODUCT_BUNDLE_IDENTIFIER = "jialihan.com.nuios.CoreDataExample-Han-Jiali-4385Tests";
				PRODUCT_NAME = "$(TARGET_NAME)";
				SWIFT_EMIT_LOC_STRINGS = NO;
				SWIFT_VERSION = 5.0;
				TARGETED_DEVICE_FAMILY = "1,2";
				TEST_HOST = "$(BUILT_PRODUCTS_DIR)/CoreDataExample_Han_Jiali_4385.app/$(BUNDLE_EXECUTABLE_FOLDER_PATH)/CoreDataExample_Han_Jiali_4385";
			};
			name = Release;
		};
		6B2DCB912D0A1826006059A2 /* Debug */ = {
			isa = XCBuildConfiguration;
			buildSettings = {
				CODE_SIGN_STYLE = Automatic;
				CURRENT_PROJECT_VERSION = 1;
				DEVELOPMENT_TEAM = 9A722U8236;
				GENERATE_INFOPLIST_FILE = YES;
				MARKETING_VERSION = 1.0;
				PRODUCT_BUNDLE_IDENTIFIER = "jialihan.com.nuios.CoreDataExample-Han-Jiali-4385UITests";
				PRODUCT_NAME = "$(TARGET_NAME)";
				SWIFT_EMIT_LOC_STRINGS = NO;
				SWIFT_VERSION = 5.0;
				TARGETED_DEVICE_FAMILY = "1,2";
				TEST_TARGET_NAME = CoreDataExample_Han_Jiali_4385;
			};
			name = Debug;
		};
		6B2DCB922D0A1826006059A2 /* Release */ = {
			isa = XCBuildConfiguration;
			buildSettings = {
				CODE_SIGN_STYLE = Automatic;
				CURRENT_PROJECT_VERSION = 1;
				DEVELOPMENT_TEAM = 9A722U8236;
				GENERATE_INFOPLIST_FILE = YES;
				MARKETING_VERSION = 1.0;
				PRODUCT_BUNDLE_IDENTIFIER = "jialihan.com.nuios.CoreDataExample-Han-Jiali-4385UITests";
				PRODUCT_NAME = "$(TARGET_NAME)";
				SWIFT_EMIT_LOC_STRINGS = NO;
				SWIFT_VERSION = 5.0;
				TARGETED_DEVICE_FAMILY = "1,2";
				TEST_TARGET_NAME = CoreDataExample_Han_Jiali_4385;
			};
			name = Release;
		};
/* End XCBuildConfiguration section */

/* Begin XCConfigurationList section */
		6B2DCB572D0A1825006059A2 /* Build configuration list for PBXProject "CoreDataExample_Han_Jiali_4385" */ = {
			isa = XCConfigurationList;
			buildConfigurations = (
				6B2DCB8B2D0A1826006059A2 /* Debug */,
				6B2DCB8C2D0A1826006059A2 /* Release */,
			);
			defaultConfigurationIsVisible = 0;
			defaultConfigurationName = Release;
		};
		6B2DCB882D0A1826006059A2 /* Build configuration list for PBXNativeTarget "CoreDataExample_Han_Jiali_4385" */ = {
			isa = XCConfigurationList;
			buildConfigurations = (
				6B2DCB892D0A1826006059A2 /* Debug */,
				6B2DCB8A2D0A1826006059A2 /* Release */,
			);
			defaultConfigurationIsVisible = 0;
			defaultConfigurationName = Release;
		};
		6B2DCB8D2D0A1826006059A2 /* Build configuration list for PBXNativeTarget "CoreDataExample_Han_Jiali_4385Tests" */ = {
			isa = XCConfigurationList;
			buildConfigurations = (
				6B2DCB8E2D0A1826006059A2 /* Debug */,
				6B2DCB8F2D0A1826006059A2 /* Release */,
			);
			defaultConfigurationIsVisible = 0;
			defaultConfigurationName = Release;
		};
		6B2DCB902D0A1826006059A2 /* Build configuration list for PBXNativeTarget "CoreDataExample_Han_Jiali_4385UITests" */ = {
			isa = XCConfigurationList;
			buildConfigurations = (
				6B2DCB912D0A1826006059A2 /* Debug */,
				6B2DCB922D0A1826006059A2 /* Release */,
			);
			defaultConfigurationIsVisible = 0;
			defaultConfigurationName = Release;
		};
/* End XCConfigurationList section */
	};
	rootObject = 6B2DCB542D0A1825006059A2 /* Project object */;
}
