// !$*UTF8*$!
{
	archiveVersion = 1;
	classes = {
	};
	objectVersion = 77;
	objects = {

/* Begin PBXContainerItemProxy section */
		6BF44F502CF13F29007FF386 /* PBXContainerItemProxy */ = {
			isa = PBXContainerItemProxy;
			containerPortal = 6BF44F312CF13F27007FF386 /* Project object */;
			proxyType = 1;
			remoteGlobalIDString = 6BF44F382CF13F27007FF386;
			remoteInfo = TripMap;
		};
		6BF44F5A2CF13F29007FF386 /* PBXContainerItemProxy */ = {
			isa = PBXContainerItemProxy;
			containerPortal = 6BF44F312CF13F27007FF386 /* Project object */;
			proxyType = 1;
			remoteGlobalIDString = 6BF44F382CF13F27007FF386;
			remoteInfo = TripMap;
		};
/* End PBXContainerItemProxy section */

/* Begin PBXFileReference section */
		6BF44F392CF13F27007FF386 /* TripMap.app */ = {isa = PBXFileReference; explicitFileType = wrapper.application; includeInIndex = 0; path = TripMap.app; sourceTree = BUILT_PRODUCTS_DIR; };
		6BF44F4F2CF13F29007FF386 /* TripMapTests.xctest */ = {isa = PBXFileReference; explicitFileType = wrapper.cfbundle; includeInIndex = 0; path = TripMapTests.xctest; sourceTree = BUILT_PRODUCTS_DIR; };
		6BF44F592CF13F29007FF386 /* TripMapUITests.xctest */ = {isa = PBXFileReference; explicitFileType = wrapper.cfbundle; includeInIndex = 0; path = TripMapUITests.xctest; sourceTree = BUILT_PRODUCTS_DIR; };
/* End PBXFileReference section */

/* Begin PBXFileSystemSynchronizedBuildFileExceptionSet section */
		6BF44F612CF13F29007FF386 /* Exceptions for "TripMap" folder in "TripMap" target */ = {
			isa = PBXFileSystemSynchronizedBuildFileExceptionSet;
			membershipExceptions = (
				Info.plist,
			);
			target = 6BF44F382CF13F27007FF386 /* TripMap */;
		};
/* End PBXFileSystemSynchronizedBuildFileExceptionSet section */

/* Begin PBXFileSystemSynchronizedRootGroup section */
		6BF44F3B2CF13F27007FF386 /* TripMap */ = {
			isa = PBXFileSystemSynchronizedRootGroup;
			exceptions = (
				6BF44F612CF13F29007FF386 /* Exceptions for "TripMap" folder in "TripMap" target */,
			);
			path = TripMap;
			sourceTree = "<group>";
		};
		6BF44F522CF13F29007FF386 /* TripMapTests */ = {
			isa = PBXFileSystemSynchronizedRootGroup;
			path = TripMapTests;
			sourceTree = "<group>";
		};
		6BF44F5C2CF13F29007FF386 /* TripMapUITests */ = {
			isa = PBXFileSystemSynchronizedRootGroup;
			path = TripMapUITests;
			sourceTree = "<group>";
		};
/* End PBXFileSystemSynchronizedRootGroup section */

/* Begin PBXFrameworksBuildPhase section */
		6BF44F362CF13F27007FF386 /* Frameworks */ = {
			isa = PBXFrameworksBuildPhase;
			buildActionMask = 2147483647;
			files = (
			);
			runOnlyForDeploymentPostprocessing = 0;
		};
		6BF44F4C2CF13F29007FF386 /* Frameworks */ = {
			isa = PBXFrameworksBuildPhase;
			buildActionMask = 2147483647;
			files = (
			);
			runOnlyForDeploymentPostprocessing = 0;
		};
		6BF44F562CF13F29007FF386 /* Frameworks */ = {
			isa = PBXFrameworksBuildPhase;
			buildActionMask = 2147483647;
			files = (
			);
			runOnlyForDeploymentPostprocessing = 0;
		};
/* End PBXFrameworksBuildPhase section */

/* Begin PBXGroup section */
		6BF44F302CF13F27007FF386 = {
			isa = PBXGroup;
			children = (
				6BF44F3B2CF13F27007FF386 /* TripMap */,
				6BF44F522CF13F29007FF386 /* TripMapTests */,
				6BF44F5C2CF13F29007FF386 /* TripMapUITests */,
				6BF44F3A2CF13F27007FF386 /* Products */,
			);
			sourceTree = "<group>";
		};
		6BF44F3A2CF13F27007FF386 /* Products */ = {
			isa = PBXGroup;
			children = (
				6BF44F392CF13F27007FF386 /* TripMap.app */,
				6BF44F4F2CF13F29007FF386 /* TripMapTests.xctest */,
				6BF44F592CF13F29007FF386 /* TripMapUITests.xctest */,
			);
			name = Products;
			sourceTree = "<group>";
		};
/* End PBXGroup section */

/* Begin PBXNativeTarget section */
		6BF44F382CF13F27007FF386 /* TripMap */ = {
			isa = PBXNativeTarget;
			buildConfigurationList = 6BF44F622CF13F29007FF386 /* Build configuration list for PBXNativeTarget "TripMap" */;
			buildPhases = (
				6BF44F352CF13F27007FF386 /* Sources */,
				6BF44F362CF13F27007FF386 /* Frameworks */,
				6BF44F372CF13F27007FF386 /* Resources */,
			);
			buildRules = (
			);
			dependencies = (
			);
			fileSystemSynchronizedGroups = (
				6BF44F3B2CF13F27007FF386 /* TripMap */,
			);
			name = TripMap;
			packageProductDependencies = (
			);
			productName = TripMap;
			productReference = 6BF44F392CF13F27007FF386 /* TripMap.app */;
			productType = "com.apple.product-type.application";
		};
		6BF44F4E2CF13F29007FF386 /* TripMapTests */ = {
			isa = PBXNativeTarget;
			buildConfigurationList = 6BF44F672CF13F29007FF386 /* Build configuration list for PBXNativeTarget "TripMapTests" */;
			buildPhases = (
				6BF44F4B2CF13F29007FF386 /* Sources */,
				6BF44F4C2CF13F29007FF386 /* Frameworks */,
				6BF44F4D2CF13F29007FF386 /* Resources */,
			);
			buildRules = (
			);
			dependencies = (
				6BF44F512CF13F29007FF386 /* PBXTargetDependency */,
			);
			fileSystemSynchronizedGroups = (
				6BF44F522CF13F29007FF386 /* TripMapTests */,
			);
			name = TripMapTests;
			packageProductDependencies = (
			);
			productName = TripMapTests;
			productReference = 6BF44F4F2CF13F29007FF386 /* TripMapTests.xctest */;
			productType = "com.apple.product-type.bundle.unit-test";
		};
		6BF44F582CF13F29007FF386 /* TripMapUITests */ = {
			isa = PBXNativeTarget;
			buildConfigurationList = 6BF44F6A2CF13F29007FF386 /* Build configuration list for PBXNativeTarget "TripMapUITests" */;
			buildPhases = (
				6BF44F552CF13F29007FF386 /* Sources */,
				6BF44F562CF13F29007FF386 /* Frameworks */,
				6BF44F572CF13F29007FF386 /* Resources */,
			);
			buildRules = (
			);
			dependencies = (
				6BF44F5B2CF13F29007FF386 /* PBXTargetDependency */,
			);
			fileSystemSynchronizedGroups = (
				6BF44F5C2CF13F29007FF386 /* TripMapUITests */,
			);
			name = TripMapUITests;
			packageProductDependencies = (
			);
			productName = TripMapUITests;
			productReference = 6BF44F592CF13F29007FF386 /* TripMapUITests.xctest */;
			productType = "com.apple.product-type.bundle.ui-testing";
		};
/* End PBXNativeTarget section */

/* Begin PBXProject section */
		6BF44F312CF13F27007FF386 /* Project object */ = {
			isa = PBXProject;
			attributes = {
				BuildIndependentTargetsInParallel = 1;
				LastSwiftUpdateCheck = 1610;
				LastUpgradeCheck = 1610;
				TargetAttributes = {
					6BF44F382CF13F27007FF386 = {
						CreatedOnToolsVersion = 16.1;
					};
					6BF44F4E2CF13F29007FF386 = {
						CreatedOnToolsVersion = 16.1;
						TestTargetID = 6BF44F382CF13F27007FF386;
					};
					6BF44F582CF13F29007FF386 = {
						CreatedOnToolsVersion = 16.1;
						TestTargetID = 6BF44F382CF13F27007FF386;
					};
				};
			};
			buildConfigurationList = 6BF44F342CF13F27007FF386 /* Build configuration list for PBXProject "TripMap" */;
			developmentRegion = en;
			hasScannedForEncodings = 0;
			knownRegions = (
				en,
				Base,
			);
			mainGroup = 6BF44F302CF13F27007FF386;
			minimizedProjectReferenceProxies = 1;
			preferredProjectObjectVersion = 77;
			productRefGroup = 6BF44F3A2CF13F27007FF386 /* Products */;
			projectDirPath = "";
			projectRoot = "";
			targets = (
				6BF44F382CF13F27007FF386 /* TripMap */,
				6BF44F4E2CF13F29007FF386 /* TripMapTests */,
				6BF44F582CF13F29007FF386 /* TripMapUITests */,
			);
		};
/* End PBXProject section */

/* Begin PBXResourcesBuildPhase section */
		6BF44F372CF13F27007FF386 /* Resources */ = {
			isa = PBXResourcesBuildPhase;
			buildActionMask = 2147483647;
			files = (
			);
			runOnlyForDeploymentPostprocessing = 0;
		};
		6BF44F4D2CF13F29007FF386 /* Resources */ = {
			isa = PBXResourcesBuildPhase;
			buildActionMask = 2147483647;
			files = (
			);
			runOnlyForDeploymentPostprocessing = 0;
		};
		6BF44F572CF13F29007FF386 /* Resources */ = {
			isa = PBXResourcesBuildPhase;
			buildActionMask = 2147483647;
			files = (
			);
			runOnlyForDeploymentPostprocessing = 0;
		};
/* End PBXResourcesBuildPhase section */

/* Begin PBXSourcesBuildPhase section */
		6BF44F352CF13F27007FF386 /* Sources */ = {
			isa = PBXSourcesBuildPhase;
			buildActionMask = 2147483647;
			files = (
			);
			runOnlyForDeploymentPostprocessing = 0;
		};
		6BF44F4B2CF13F29007FF386 /* Sources */ = {
			isa = PBXSourcesBuildPhase;
			buildActionMask = 2147483647;
			files = (
			);
			runOnlyForDeploymentPostprocessing = 0;
		};
		6BF44F552CF13F29007FF386 /* Sources */ = {
			isa = PBXSourcesBuildPhase;
			buildActionMask = 2147483647;
			files = (
			);
			runOnlyForDeploymentPostprocessing = 0;
		};
/* End PBXSourcesBuildPhase section */

/* Begin PBXTargetDependency section */
		6BF44F512CF13F29007FF386 /* PBXTargetDependency */ = {
			isa = PBXTargetDependency;
			target = 6BF44F382CF13F27007FF386 /* TripMap */;
			targetProxy = 6BF44F502CF13F29007FF386 /* PBXContainerItemProxy */;
		};
		6BF44F5B2CF13F29007FF386 /* PBXTargetDependency */ = {
			isa = PBXTargetDependency;
			target = 6BF44F382CF13F27007FF386 /* TripMap */;
			targetProxy = 6BF44F5A2CF13F29007FF386 /* PBXContainerItemProxy */;
		};
/* End PBXTargetDependency section */

/* Begin XCBuildConfiguration section */
		6BF44F632CF13F29007FF386 /* Debug */ = {
			isa = XCBuildConfiguration;
			buildSettings = {
				ASSETCATALOG_COMPILER_APPICON_NAME = AppIcon;
				ASSETCATALOG_COMPILER_GLOBAL_ACCENT_COLOR_NAME = AccentColor;
				CODE_SIGN_STYLE = Automatic;
				CURRENT_PROJECT_VERSION = 1;
				DEVELOPMENT_TEAM = 9A722U8236;
				GENERATE_INFOPLIST_FILE = YES;
				INFOPLIST_FILE = TripMap/Info.plist;
				INFOPLIST_KEY_NSLocationWhenInUseUsageDescription = "Need to know your location so you can plan your routes.";
				INFOPLIST_KEY_UIApplicationSupportsIndirectInputEvents = YES;
				INFOPLIST_KEY_UILaunchStoryboardName = LaunchScreen;
				INFOPLIST_KEY_UIMainStoryboardFile = Main;
				INFOPLIST_KEY_UISupportedInterfaceOrientations_iPad = "UIInterfaceOrientationPortrait UIInterfaceOrientationPortraitUpsideDown UIInterfaceOrientationLandscapeLeft UIInterfaceOrientationLandscapeRight";
				INFOPLIST_KEY_UISupportedInterfaceOrientations_iPhone = "UIInterfaceOrientationPortrait UIInterfaceOrientationLandscapeLeft UIInterfaceOrientationLandscapeRight";
				LD_RUNPATH_SEARCH_PATHS = (
					"$(inherited)",
					"@executable_path/Frameworks",
				);
				MARKETING_VERSION = 1.0;
				PRODUCT_BUNDLE_IDENTIFIER = jialihan.com.nuios.TripMap;
				PRODUCT_NAME = "$(TARGET_NAME)";
				SWIFT_EMIT_LOC_STRINGS = YES;
				SWIFT_VERSION = 5.0;
				TARGETED_DEVICE_FAMILY = "1,2";
			};
			name = Debug;
		};
		6BF44F642CF13F29007FF386 /* Release */ = {
			isa = XCBuildConfiguration;
			buildSettings = {
				ASSETCATALOG_COMPILER_APPICON_NAME = AppIcon;
				ASSETCATALOG_COMPILER_GLOBAL_ACCENT_COLOR_NAME = AccentColor;
				CODE_SIGN_STYLE = Automatic;
				CURRENT_PROJECT_VERSION = 1;
				DEVELOPMENT_TEAM = 9A722U8236;
				GENERATE_INFOPLIST_FILE = YES;
				INFOPLIST_FILE = TripMap/Info.plist;
				INFOPLIST_KEY_NSLocationWhenInUseUsageDescription = "Need to know your location so you can plan your routes.";
				INFOPLIST_KEY_UIApplicationSupportsIndirectInputEvents = YES;
				INFOPLIST_KEY_UILaunchStoryboardName = LaunchScreen;
				INFOPLIST_KEY_UIMainStoryboardFile = Main;
				INFOPLIST_KEY_UISupportedInterfaceOrientations_iPad = "UIInterfaceOrientationPortrait UIInterfaceOrientationPortraitUpsideDown UIInterfaceOrientationLandscapeLeft UIInterfaceOrientationLandscapeRight";
				INFOPLIST_KEY_UISupportedInterfaceOrientations_iPhone = "UIInterfaceOrientationPortrait UIInterfaceOrientationLandscapeLeft UIInterfaceOrientationLandscapeRight";
				LD_RUNPATH_SEARCH_PATHS = (
					"$(inherited)",
					"@executable_path/Frameworks",
				);
				MARKETING_VERSION = 1.0;
				PRODUCT_BUNDLE_IDENTIFIER = jialihan.com.nuios.TripMap;
				PRODUCT_NAME = "$(TARGET_NAME)";
				SWIFT_EMIT_LOC_STRINGS = YES;
				SWIFT_VERSION = 5.0;
				TARGETED_DEVICE_FAMILY = "1,2";
			};
			name = Release;
		};
		6BF44F652CF13F29007FF386 /* Debug */ = {
			isa = XCBuildConfiguration;
			buildSettings = {
				ALWAYS_SEARCH_USER_PATHS = NO;
				ASSETCATALOG_COMPILER_GENERATE_SWIFT_ASSET_SYMBOL_EXTENSIONS = YES;
				CLANG_ANALYZER_NONNULL = YES;
				CLANG_ANALYZER_NUMBER_OBJECT_CONVERSION = YES_AGGRESSIVE;
				CLANG_CXX_LANGUAGE_STANDARD = "gnu++20";
				CLANG_ENABLE_MODULES = YES;
				CLANG_ENABLE_OBJC_ARC = YES;
				CLANG_ENABLE_OBJC_WEAK = YES;
				CLANG_WARN_BLOCK_CAPTURE_AUTORELEASING = YES;
				CLANG_WARN_BOOL_CONVERSION = YES;
				CLANG_WARN_COMMA = YES;
				CLANG_WARN_CONSTANT_CONVERSION = YES;
				CLANG_WARN_DEPRECATED_OBJC_IMPLEMENTATIONS = YES;
				CLANG_WARN_DIRECT_OBJC_ISA_USAGE = YES_ERROR;
				CLANG_WARN_DOCUMENTATION_COMMENTS = YES;
				CLANG_WARN_EMPTY_BODY = YES;
				CLANG_WARN_ENUM_CONVERSION = YES;
				CLANG_WARN_INFINITE_RECURSION = YES;
				CLANG_WARN_INT_CONVERSION = YES;
				CLANG_WARN_NON_LITERAL_NULL_CONVERSION = YES;
				CLANG_WARN_OBJC_IMPLICIT_RETAIN_SELF = YES;
				CLANG_WARN_OBJC_LITERAL_CONVERSION = YES;
				CLANG_WARN_OBJC_ROOT_CLASS = YES_ERROR;
				CLANG_WARN_QUOTED_INCLUDE_IN_FRAMEWORK_HEADER = YES;
				CLANG_WARN_RANGE_LOOP_ANALYSIS = YES;
				CLANG_WARN_STRICT_PROTOTYPES = YES;
				CLANG_WARN_SUSPICIOUS_MOVE = YES;
				CLANG_WARN_UNGUARDED_AVAILABILITY = YES_AGGRESSIVE;
				CLANG_WARN_UNREACHABLE_CODE = YES;
				CLANG_WARN__DUPLICATE_METHOD_MATCH = YES;
				COPY_PHASE_STRIP = NO;
				DEBUG_INFORMATION_FORMAT = dwarf;
				ENABLE_STRICT_OBJC_MSGSEND = YES;
				ENABLE_TESTABILITY = YES;
				ENABLE_USER_SCRIPT_SANDBOXING = YES;
				GCC_C_LANGUAGE_STANDARD = gnu17;
				GCC_DYNAMIC_NO_PIC = NO;
				GCC_NO_COMMON_BLOCKS = YES;
				GCC_OPTIMIZATION_LEVEL = 0;
				GCC_PREPROCESSOR_DEFINITIONS = (
					"DEBUG=1",
					"$(inherited)",
				);
				GCC_WARN_64_TO_32_BIT_CONVERSION = YES;
				GCC_WARN_ABOUT_RETURN_TYPE = YES_ERROR;
				GCC_WARN_UNDECLARED_SELECTOR = YES;
				GCC_WARN_UNINITIALIZED_AUTOS = YES_AGGRESSIVE;
				GCC_WARN_UNUSED_FUNCTION = YES;
				GCC_WARN_UNUSED_VARIABLE = YES;
				IPHONEOS_DEPLOYMENT_TARGET = 18.1;
				LOCALIZATION_PREFERS_STRING_CATALOGS = YES;
				MTL_ENABLE_DEBUG_INFO = INCLUDE_SOURCE;
				MTL_FAST_MATH = YES;
				ONLY_ACTIVE_ARCH = YES;
				SDKROOT = iphoneos;
				SWIFT_ACTIVE_COMPILATION_CONDITIONS = "DEBUG $(inherited)";
				SWIFT_OPTIMIZATION_LEVEL = "-Onone";
			};
			name = Debug;
		};
		6BF44F662CF13F29007FF386 /* Release */ = {
			isa = XCBuildConfiguration;
			buildSettings = {
				ALWAYS_SEARCH_USER_PATHS = NO;
				ASSETCATALOG_COMPILER_GENERATE_SWIFT_ASSET_SYMBOL_EXTENSIONS = YES;
				CLANG_ANALYZER_NONNULL = YES;
				CLANG_ANALYZER_NUMBER_OBJECT_CONVERSION = YES_AGGRESSIVE;
				CLANG_CXX_LANGUAGE_STANDARD = "gnu++20";
				CLANG_ENABLE_MODULES = YES;
				CLANG_ENABLE_OBJC_ARC = YES;
				CLANG_ENABLE_OBJC_WEAK = YES;
				CLANG_WARN_BLOCK_CAPTURE_AUTORELEASING = YES;
				CLANG_WARN_BOOL_CONVERSION = YES;
				CLANG_WARN_COMMA = YES;
				CLANG_WARN_CONSTANT_CONVERSION = YES;
				CLANG_WARN_DEPRECATED_OBJC_IMPLEMENTATIONS = YES;
				CLANG_WARN_DIRECT_OBJC_ISA_USAGE = YES_ERROR;
				CLANG_WARN_DOCUMENTATION_COMMENTS = YES;
				CLANG_WARN_EMPTY_BODY = YES;
				CLANG_WARN_ENUM_CONVERSION = YES;
				CLANG_WARN_INFINITE_RECURSION = YES;
				CLANG_WARN_INT_CONVERSION = YES;
				CLANG_WARN_NON_LITERAL_NULL_CONVERSION = YES;
				CLANG_WARN_OBJC_IMPLICIT_RETAIN_SELF = YES;
				CLANG_WARN_OBJC_LITERAL_CONVERSION = YES;
				CLANG_WARN_OBJC_ROOT_CLASS = YES_ERROR;
				CLANG_WARN_QUOTED_INCLUDE_IN_FRAMEWORK_HEADER = YES;
				CLANG_WARN_RANGE_LOOP_ANALYSIS = YES;
				CLANG_WARN_STRICT_PROTOTYPES = YES;
				CLANG_WARN_SUSPICIOUS_MOVE = YES;
				CLANG_WARN_UNGUARDED_AVAILABILITY = YES_AGGRESSIVE;
				CLANG_WARN_UNREACHABLE_CODE = YES;
				CLANG_WARN__DUPLICATE_METHOD_MATCH = YES;
				COPY_PHASE_STRIP = NO;
				DEBUG_INFORMATION_FORMAT = "dwarf-with-dsym";
				ENABLE_NS_ASSERTIONS = NO;
				ENABLE_STRICT_OBJC_MSGSEND = YES;
				ENABLE_USER_SCRIPT_SANDBOXING = YES;
				GCC_C_LANGUAGE_STANDARD = gnu17;
				GCC_NO_COMMON_BLOCKS = YES;
				GCC_WARN_64_TO_32_BIT_CONVERSION = YES;
				GCC_WARN_ABOUT_RETURN_TYPE = YES_ERROR;
				GCC_WARN_UNDECLARED_SELECTOR = YES;
				GCC_WARN_UNINITIALIZED_AUTOS = YES_AGGRESSIVE;
				GCC_WARN_UNUSED_FUNCTION = YES;
				GCC_WARN_UNUSED_VARIABLE = YES;
				IPHONEOS_DEPLOYMENT_TARGET = 18.1;
				LOCALIZATION_PREFERS_STRING_CATALOGS = YES;
				MTL_ENABLE_DEBUG_INFO = NO;
				MTL_FAST_MATH = YES;
				SDKROOT = iphoneos;
				SWIFT_COMPILATION_MODE = wholemodule;
				VALIDATE_PRODUCT = YES;
			};
			name = Release;
		};
		6BF44F682CF13F29007FF386 /* Debug */ = {
			isa = XCBuildConfiguration;
			buildSettings = {
				BUNDLE_LOADER = "$(TEST_HOST)";
				CODE_SIGN_STYLE = Automatic;
				CURRENT_PROJECT_VERSION = 1;
				DEVELOPMENT_TEAM = 9A722U8236;
				GENERATE_INFOPLIST_FILE = YES;
				IPHONEOS_DEPLOYMENT_TARGET = 18.1;
				MARKETING_VERSION = 1.0;
				PRODUCT_BUNDLE_IDENTIFIER = jialihan.com.nuios.TripMapTests;
				PRODUCT_NAME = "$(TARGET_NAME)";
				SWIFT_EMIT_LOC_STRINGS = NO;
				SWIFT_VERSION = 5.0;
				TARGETED_DEVICE_FAMILY = "1,2";
				TEST_HOST = "$(BUILT_PRODUCTS_DIR)/TripMap.app/$(BUNDLE_EXECUTABLE_FOLDER_PATH)/TripMap";
			};
			name = Debug;
		};
		6BF44F692CF13F29007FF386 /* Release */ = {
			isa = XCBuildConfiguration;
			buildSettings = {
				BUNDLE_LOADER = "$(TEST_HOST)";
				CODE_SIGN_STYLE = Automatic;
				CURRENT_PROJECT_VERSION = 1;
				DEVELOPMENT_TEAM = 9A722U8236;
				GENERATE_INFOPLIST_FILE = YES;
				IPHONEOS_DEPLOYMENT_TARGET = 18.1;
				MARKETING_VERSION = 1.0;
				PRODUCT_BUNDLE_IDENTIFIER = jialihan.com.nuios.TripMapTests;
				PRODUCT_NAME = "$(TARGET_NAME)";
				SWIFT_EMIT_LOC_STRINGS = NO;
				SWIFT_VERSION = 5.0;
				TARGETED_DEVICE_FAMILY = "1,2";
				TEST_HOST = "$(BUILT_PRODUCTS_DIR)/TripMap.app/$(BUNDLE_EXECUTABLE_FOLDER_PATH)/TripMap";
			};
			name = Release;
		};
		6BF44F6B2CF13F29007FF386 /* Debug */ = {
			isa = XCBuildConfiguration;
			buildSettings = {
				CODE_SIGN_STYLE = Automatic;
				CURRENT_PROJECT_VERSION = 1;
				DEVELOPMENT_TEAM = 9A722U8236;
				GENERATE_INFOPLIST_FILE = YES;
				MARKETING_VERSION = 1.0;
				PRODUCT_BUNDLE_IDENTIFIER = jialihan.com.nuios.TripMapUITests;
				PRODUCT_NAME = "$(TARGET_NAME)";
				SWIFT_EMIT_LOC_STRINGS = NO;
				SWIFT_VERSION = 5.0;
				TARGETED_DEVICE_FAMILY = "1,2";
				TEST_TARGET_NAME = TripMap;
			};
			name = Debug;
		};
		6BF44F6C2CF13F29007FF386 /* Release */ = {
			isa = XCBuildConfiguration;
			buildSettings = {
				CODE_SIGN_STYLE = Automatic;
				CURRENT_PROJECT_VERSION = 1;
				DEVELOPMENT_TEAM = 9A722U8236;
				GENERATE_INFOPLIST_FILE = YES;
				MARKETING_VERSION = 1.0;
				PRODUCT_BUNDLE_IDENTIFIER = jialihan.com.nuios.TripMapUITests;
				PRODUCT_NAME = "$(TARGET_NAME)";
				SWIFT_EMIT_LOC_STRINGS = NO;
				SWIFT_VERSION = 5.0;
				TARGETED_DEVICE_FAMILY = "1,2";
				TEST_TARGET_NAME = TripMap;
			};
			name = Release;
		};
/* End XCBuildConfiguration section */

/* Begin XCConfigurationList section */
		6BF44F342CF13F27007FF386 /* Build configuration list for PBXProject "TripMap" */ = {
			isa = XCConfigurationList;
			buildConfigurations = (
				6BF44F652CF13F29007FF386 /* Debug */,
				6BF44F662CF13F29007FF386 /* Release */,
			);
			defaultConfigurationIsVisible = 0;
			defaultConfigurationName = Release;
		};
		6BF44F622CF13F29007FF386 /* Build configuration list for PBXNativeTarget "TripMap" */ = {
			isa = XCConfigurationList;
			buildConfigurations = (
				6BF44F632CF13F29007FF386 /* Debug */,
				6BF44F642CF13F29007FF386 /* Release */,
			);
			defaultConfigurationIsVisible = 0;
			defaultConfigurationName = Release;
		};
		6BF44F672CF13F29007FF386 /* Build configuration list for PBXNativeTarget "TripMapTests" */ = {
			isa = XCConfigurationList;
			buildConfigurations = (
				6BF44F682CF13F29007FF386 /* Debug */,
				6BF44F692CF13F29007FF386 /* Release */,
			);
			defaultConfigurationIsVisible = 0;
			defaultConfigurationName = Release;
		};
		6BF44F6A2CF13F29007FF386 /* Build configuration list for PBXNativeTarget "TripMapUITests" */ = {
			isa = XCConfigurationList;
			buildConfigurations = (
				6BF44F6B2CF13F29007FF386 /* Debug */,
				6BF44F6C2CF13F29007FF386 /* Release */,
			);
			defaultConfigurationIsVisible = 0;
			defaultConfigurationName = Release;
		};
/* End XCConfigurationList section */
	};
	rootObject = 6BF44F312CF13F27007FF386 /* Project object */;
}
