// !$*UTF8*$!
{
	archiveVersion = 1;
	classes = {
	};
	objectVersion = 56;
	objects = {

/* Begin PBXBuildFile section */
		6441761A34A1D24EFE9BDF86 /* Pods_CocoaPods.framework in Frameworks */ = {isa = PBXBuildFile; fileRef = 3C3470A803A6519834160556 /* Pods_CocoaPods.framework */; };
		6BC107102CC738D500A2FEDC /* AppDelegate.swift in Sources */ = {isa = PBXBuildFile; fileRef = 6BC1070F2CC738D500A2FEDC /* AppDelegate.swift */; };
		6BC107122CC738D500A2FEDC /* SceneDelegate.swift in Sources */ = {isa = PBXBuildFile; fileRef = 6BC107112CC738D500A2FEDC /* SceneDelegate.swift */; };
		6BC107142CC738D500A2FEDC /* ViewController.swift in Sources */ = {isa = PBXBuildFile; fileRef = 6BC107132CC738D500A2FEDC /* ViewController.swift */; };
		6BC107172CC738D500A2FEDC /* Base in Resources */ = {isa = PBXBuildFile; fileRef = 6BC107162CC738D500A2FEDC /* Base */; };
		6BC107192CC738D600A2FEDC /* Assets.xcassets in Resources */ = {isa = PBXBuildFile; fileRef = 6BC107182CC738D600A2FEDC /* Assets.xcassets */; };
		6BC1071C2CC738D600A2FEDC /* Base in Resources */ = {isa = PBXBuildFile; fileRef = 6BC1071B2CC738D600A2FEDC /* Base */; };
		6BC107242CC73E6700A2FEDC /* MainScreenView.swift in Sources */ = {isa = PBXBuildFile; fileRef = 6BC107232CC73E6700A2FEDC /* MainScreenView.swift */; };
		6BC107262CC73E9B00A2FEDC /* ContactsTableViewCell.swift in Sources */ = {isa = PBXBuildFile; fileRef = 6BC107252CC73E9B00A2FEDC /* ContactsTableViewCell.swift */; };
		6BC107282CC7407700A2FEDC /* APIConfigs.swift in Sources */ = {isa = PBXBuildFile; fileRef = 6BC107272CC7407700A2FEDC /* APIConfigs.swift */; };
		6BC1072A2CC7424200A2FEDC /* Contact.swift in Sources */ = {isa = PBXBuildFile; fileRef = 6BC107292CC7424200A2FEDC /* Contact.swift */; };
/* End PBXBuildFile section */

/* Begin PBXFileReference section */
		3C3470A803A6519834160556 /* Pods_CocoaPods.framework */ = {isa = PBXFileReference; explicitFileType = wrapper.framework; includeInIndex = 0; path = Pods_CocoaPods.framework; sourceTree = BUILT_PRODUCTS_DIR; };
		6BC1070C2CC738D500A2FEDC /* CocoaPods.app */ = {isa = PBXFileReference; explicitFileType = wrapper.application; includeInIndex = 0; path = CocoaPods.app; sourceTree = BUILT_PRODUCTS_DIR; };
		6BC1070F2CC738D500A2FEDC /* AppDelegate.swift */ = {isa = PBXFileReference; lastKnownFileType = sourcecode.swift; path = AppDelegate.swift; sourceTree = "<group>"; };
		6BC107112CC738D500A2FEDC /* SceneDelegate.swift */ = {isa = PBXFileReference; lastKnownFileType = sourcecode.swift; path = SceneDelegate.swift; sourceTree = "<group>"; };
		6BC107132CC738D500A2FEDC /* ViewController.swift */ = {isa = PBXFileReference; lastKnownFileType = sourcecode.swift; path = ViewController.swift; sourceTree = "<group>"; };
		6BC107162CC738D500A2FEDC /* Base */ = {isa = PBXFileReference; lastKnownFileType = file.storyboard; name = Base; path = Base.lproj/Main.storyboard; sourceTree = "<group>"; };
		6BC107182CC738D600A2FEDC /* Assets.xcassets */ = {isa = PBXFileReference; lastKnownFileType = folder.assetcatalog; path = Assets.xcassets; sourceTree = "<group>"; };
		6BC1071B2CC738D600A2FEDC /* Base */ = {isa = PBXFileReference; lastKnownFileType = file.storyboard; name = Base; path = Base.lproj/LaunchScreen.storyboard; sourceTree = "<group>"; };
		6BC1071D2CC738D600A2FEDC /* Info.plist */ = {isa = PBXFileReference; lastKnownFileType = text.plist.xml; path = Info.plist; sourceTree = "<group>"; };
		6BC107232CC73E6700A2FEDC /* MainScreenView.swift */ = {isa = PBXFileReference; lastKnownFileType = sourcecode.swift; path = MainScreenView.swift; sourceTree = "<group>"; };
		6BC107252CC73E9B00A2FEDC /* ContactsTableViewCell.swift */ = {isa = PBXFileReference; lastKnownFileType = sourcecode.swift; path = ContactsTableViewCell.swift; sourceTree = "<group>"; };
		6BC107272CC7407700A2FEDC /* APIConfigs.swift */ = {isa = PBXFileReference; lastKnownFileType = sourcecode.swift; path = APIConfigs.swift; sourceTree = "<group>"; };
		6BC107292CC7424200A2FEDC /* Contact.swift */ = {isa = PBXFileReference; lastKnownFileType = sourcecode.swift; path = Contact.swift; sourceTree = "<group>"; };
		A66819F87E8C807D11E2332C /* Pods-CocoaPods.debug.xcconfig */ = {isa = PBXFileReference; includeInIndex = 1; lastKnownFileType = text.xcconfig; name = "Pods-CocoaPods.debug.xcconfig"; path = "Target Support Files/Pods-CocoaPods/Pods-CocoaPods.debug.xcconfig"; sourceTree = "<group>"; };
		C2C19A371F7A6219EDAD5288 /* Pods-CocoaPods.release.xcconfig */ = {isa = PBXFileReference; includeInIndex = 1; lastKnownFileType = text.xcconfig; name = "Pods-CocoaPods.release.xcconfig"; path = "Target Support Files/Pods-CocoaPods/Pods-CocoaPods.release.xcconfig"; sourceTree = "<group>"; };
/* End PBXFileReference section */

/* Begin PBXFrameworksBuildPhase section */
		6BC107092CC738D500A2FEDC /* Frameworks */ = {
			isa = PBXFrameworksBuildPhase;
			buildActionMask = 2147483647;
			files = (
				6441761A34A1D24EFE9BDF86 /* Pods_CocoaPods.framework in Frameworks */,
			);
			runOnlyForDeploymentPostprocessing = 0;
		};
/* End PBXFrameworksBuildPhase section */

/* Begin PBXGroup section */
		67B8E0C618AC04DBC84AA69C /* Frameworks */ = {
			isa = PBXGroup;
			children = (
				3C3470A803A6519834160556 /* Pods_CocoaPods.framework */,
			);
			name = Frameworks;
			sourceTree = "<group>";
		};
		6BC107032CC738D500A2FEDC = {
			isa = PBXGroup;
			children = (
				6BC1070E2CC738D500A2FEDC /* CocoaPods */,
				6BC1070D2CC738D500A2FEDC /* Products */,
				FDBED2070DF97002093D272A /* Pods */,
				67B8E0C618AC04DBC84AA69C /* Frameworks */,
			);
			sourceTree = "<group>";
		};
		6BC1070D2CC738D500A2FEDC /* Products */ = {
			isa = PBXGroup;
			children = (
				6BC1070C2CC738D500A2FEDC /* CocoaPods.app */,
			);
			name = Products;
			sourceTree = "<group>";
		};
		6BC1070E2CC738D500A2FEDC /* CocoaPods */ = {
			isa = PBXGroup;
			children = (
				6BC1070F2CC738D500A2FEDC /* AppDelegate.swift */,
				6BC107112CC738D500A2FEDC /* SceneDelegate.swift */,
				6BC1072C2CC7426A00A2FEDC /* Main Screen */,
				6BC107292CC7424200A2FEDC /* Contact.swift */,
				6BC107152CC738D500A2FEDC /* Main.storyboard */,
				6BC107182CC738D600A2FEDC /* Assets.xcassets */,
				6BC1071A2CC738D600A2FEDC /* LaunchScreen.storyboard */,
				6BC1071D2CC738D600A2FEDC /* Info.plist */,
				6BC107272CC7407700A2FEDC /* APIConfigs.swift */,
			);
			path = CocoaPods;
			sourceTree = "<group>";
		};
		6BC1072B2CC7426000A2FEDC /* Views */ = {
			isa = PBXGroup;
			children = (
				6BC107232CC73E6700A2FEDC /* MainScreenView.swift */,
				6BC107252CC73E9B00A2FEDC /* ContactsTableViewCell.swift */,
			);
			path = Views;
			sourceTree = "<group>";
		};
		6BC1072C2CC7426A00A2FEDC /* Main Screen */ = {
			isa = PBXGroup;
			children = (
				6BC107132CC738D500A2FEDC /* ViewController.swift */,
				6BC1072B2CC7426000A2FEDC /* Views */,
			);
			path = "Main Screen";
			sourceTree = "<group>";
		};
		FDBED2070DF97002093D272A /* Pods */ = {
			isa = PBXGroup;
			children = (
				A66819F87E8C807D11E2332C /* Pods-CocoaPods.debug.xcconfig */,
				C2C19A371F7A6219EDAD5288 /* Pods-CocoaPods.release.xcconfig */,
			);
			path = Pods;
			sourceTree = "<group>";
		};
/* End PBXGroup section */

/* Begin PBXNativeTarget section */
		6BC1070B2CC738D500A2FEDC /* CocoaPods */ = {
			isa = PBXNativeTarget;
			buildConfigurationList = 6BC107202CC738D600A2FEDC /* Build configuration list for PBXNativeTarget "CocoaPods" */;
			buildPhases = (
				A729215244D3D41671A6B140 /* [CP] Check Pods Manifest.lock */,
				6BC107082CC738D500A2FEDC /* Sources */,
				6BC107092CC738D500A2FEDC /* Frameworks */,
				6BC1070A2CC738D500A2FEDC /* Resources */,
				B867D908BA1AE262D941DB7A /* [CP] Embed Pods Frameworks */,
			);
			buildRules = (
			);
			dependencies = (
			);
			name = CocoaPods;
			productName = CocoaPods;
			productReference = 6BC1070C2CC738D500A2FEDC /* CocoaPods.app */;
			productType = "com.apple.product-type.application";
		};
/* End PBXNativeTarget section */

/* Begin PBXProject section */
		6BC107042CC738D500A2FEDC /* Project object */ = {
			isa = PBXProject;
			attributes = {
				BuildIndependentTargetsInParallel = 1;
				LastSwiftUpdateCheck = 1540;
				LastUpgradeCheck = 1540;
				TargetAttributes = {
					6BC1070B2CC738D500A2FEDC = {
						CreatedOnToolsVersion = 15.4;
					};
				};
			};
			buildConfigurationList = 6BC107072CC738D500A2FEDC /* Build configuration list for PBXProject "CocoaPods" */;
			compatibilityVersion = "Xcode 14.0";
			developmentRegion = en;
			hasScannedForEncodings = 0;
			knownRegions = (
				en,
				Base,
			);
			mainGroup = 6BC107032CC738D500A2FEDC;
			productRefGroup = 6BC1070D2CC738D500A2FEDC /* Products */;
			projectDirPath = "";
			projectRoot = "";
			targets = (
				6BC1070B2CC738D500A2FEDC /* CocoaPods */,
			);
		};
/* End PBXProject section */

/* Begin PBXResourcesBuildPhase section */
		6BC1070A2CC738D500A2FEDC /* Resources */ = {
			isa = PBXResourcesBuildPhase;
			buildActionMask = 2147483647;
			files = (
				6BC107192CC738D600A2FEDC /* Assets.xcassets in Resources */,
				6BC1071C2CC738D600A2FEDC /* Base in Resources */,
				6BC107172CC738D500A2FEDC /* Base in Resources */,
			);
			runOnlyForDeploymentPostprocessing = 0;
		};
/* End PBXResourcesBuildPhase section */

/* Begin PBXShellScriptBuildPhase section */
		A729215244D3D41671A6B140 /* [CP] Check Pods Manifest.lock */ = {
			isa = PBXShellScriptBuildPhase;
			buildActionMask = 2147483647;
			files = (
			);
			inputFileListPaths = (
			);
			inputPaths = (
				"${PODS_PODFILE_DIR_PATH}/Podfile.lock",
				"${PODS_ROOT}/Manifest.lock",
			);
			name = "[CP] Check Pods Manifest.lock";
			outputFileListPaths = (
			);
			outputPaths = (
				"$(DERIVED_FILE_DIR)/Pods-CocoaPods-checkManifestLockResult.txt",
			);
			runOnlyForDeploymentPostprocessing = 0;
			shellPath = /bin/sh;
			shellScript = "diff \"${PODS_PODFILE_DIR_PATH}/Podfile.lock\" \"${PODS_ROOT}/Manifest.lock\" > /dev/null\nif [ $? != 0 ] ; then\n    # print error to STDERR\n    echo \"error: The sandbox is not in sync with the Podfile.lock. Run 'pod install' or update your CocoaPods installation.\" >&2\n    exit 1\nfi\n# This output is used by Xcode 'outputs' to avoid re-running this script phase.\necho \"SUCCESS\" > \"${SCRIPT_OUTPUT_FILE_0}\"\n";
			showEnvVarsInLog = 0;
		};
		B867D908BA1AE262D941DB7A /* [CP] Embed Pods Frameworks */ = {
			isa = PBXShellScriptBuildPhase;
			buildActionMask = 2147483647;
			files = (
			);
			inputFileListPaths = (
				"${PODS_ROOT}/Target Support Files/Pods-CocoaPods/Pods-CocoaPods-frameworks-${CONFIGURATION}-input-files.xcfilelist",
			);
			name = "[CP] Embed Pods Frameworks";
			outputFileListPaths = (
				"${PODS_ROOT}/Target Support Files/Pods-CocoaPods/Pods-CocoaPods-frameworks-${CONFIGURATION}-output-files.xcfilelist",
			);
			runOnlyForDeploymentPostprocessing = 0;
			shellPath = /bin/sh;
			shellScript = "\"${PODS_ROOT}/Target Support Files/Pods-CocoaPods/Pods-CocoaPods-frameworks.sh\"\n";
			showEnvVarsInLog = 0;
		};
/* End PBXShellScriptBuildPhase section */

/* Begin PBXSourcesBuildPhase section */
		6BC107082CC738D500A2FEDC /* Sources */ = {
			isa = PBXSourcesBuildPhase;
			buildActionMask = 2147483647;
			files = (
				6BC107142CC738D500A2FEDC /* ViewController.swift in Sources */,
				6BC107102CC738D500A2FEDC /* AppDelegate.swift in Sources */,
				6BC107262CC73E9B00A2FEDC /* ContactsTableViewCell.swift in Sources */,
				6BC107122CC738D500A2FEDC /* SceneDelegate.swift in Sources */,
				6BC107282CC7407700A2FEDC /* APIConfigs.swift in Sources */,
				6BC107242CC73E6700A2FEDC /* MainScreenView.swift in Sources */,
				6BC1072A2CC7424200A2FEDC /* Contact.swift in Sources */,
			);
			runOnlyForDeploymentPostprocessing = 0;
		};
/* End PBXSourcesBuildPhase section */

/* Begin PBXVariantGroup section */
		6BC107152CC738D500A2FEDC /* Main.storyboard */ = {
			isa = PBXVariantGroup;
			children = (
				6BC107162CC738D500A2FEDC /* Base */,
			);
			name = Main.storyboard;
			sourceTree = "<group>";
		};
		6BC1071A2CC738D600A2FEDC /* LaunchScreen.storyboard */ = {
			isa = PBXVariantGroup;
			children = (
				6BC1071B2CC738D600A2FEDC /* Base */,
			);
			name = LaunchScreen.storyboard;
			sourceTree = "<group>";
		};
/* End PBXVariantGroup section */

/* Begin XCBuildConfiguration section */
		6BC1071E2CC738D600A2FEDC /* Debug */ = {
			isa = XCBuildConfiguration;
			buildSettings = {
				ALWAYS_SEARCH_USER_PATHS = NO;
				ASSETCATALOG_COMPILER_GENERATE_SWIFT_ASSET_SYMBOL_EXTENSIONS = YES;
				CLANG_ANALYZER_NONNULL = YES;
				CLANG_ANALYZER_NUMBER_OBJECT_CONVERSION = YES_AGGRESSIVE;
				CLANG_CXX_LANGUAGE_STANDARD = "gnu++20";
				CLANG_ENABLE_MODULES = YES;
				CLANG_ENABLE_OBJC_ARC = YES;
				CLANG_ENABLE_OBJC_WEAK = YES;
				CLANG_WARN_BLOCK_CAPTURE_AUTORELEASING = YES;
				CLANG_WARN_BOOL_CONVERSION = YES;
				CLANG_WARN_COMMA = YES;
				CLANG_WARN_CONSTANT_CONVERSION = YES;
				CLANG_WARN_DEPRECATED_OBJC_IMPLEMENTATIONS = YES;
				CLANG_WARN_DIRECT_OBJC_ISA_USAGE = YES_ERROR;
				CLANG_WARN_DOCUMENTATION_COMMENTS = YES;
				CLANG_WARN_EMPTY_BODY = YES;
				CLANG_WARN_ENUM_CONVERSION = YES;
				CLANG_WARN_INFINITE_RECURSION = YES;
				CLANG_WARN_INT_CONVERSION = YES;
				CLANG_WARN_NON_LITERAL_NULL_CONVERSION = YES;
				CLANG_WARN_OBJC_IMPLICIT_RETAIN_SELF = YES;
				CLANG_WARN_OBJC_LITERAL_CONVERSION = YES;
				CLANG_WARN_OBJC_ROOT_CLASS = YES_ERROR;
				CLANG_WARN_QUOTED_INCLUDE_IN_FRAMEWORK_HEADER = YES;
				CLANG_WARN_RANGE_LOOP_ANALYSIS = YES;
				CLANG_WARN_STRICT_PROTOTYPES = YES;
				CLANG_WARN_SUSPICIOUS_MOVE = YES;
				CLANG_WARN_UNGUARDED_AVAILABILITY = YES_AGGRESSIVE;
				CLANG_WARN_UNREACHABLE_CODE = YES;
				CLANG_WARN__DUPLICATE_METHOD_MATCH = YES;
				COPY_PHASE_STRIP = NO;
				DEBUG_INFORMATION_FORMAT = dwarf;
				ENABLE_STRICT_OBJC_MSGSEND = YES;
				ENABLE_TESTABILITY = YES;
				ENABLE_USER_SCRIPT_SANDBOXING = NO;
				GCC_C_LANGUAGE_STANDARD = gnu17;
				GCC_DYNAMIC_NO_PIC = NO;
				GCC_NO_COMMON_BLOCKS = YES;
				GCC_OPTIMIZATION_LEVEL = 0;
				GCC_PREPROCESSOR_DEFINITIONS = (
					"DEBUG=1",
					"$(inherited)",
				);
				GCC_WARN_64_TO_32_BIT_CONVERSION = YES;
				GCC_WARN_ABOUT_RETURN_TYPE = YES_ERROR;
				GCC_WARN_UNDECLARED_SELECTOR = YES;
				GCC_WARN_UNINITIALIZED_AUTOS = YES_AGGRESSIVE;
				GCC_WARN_UNUSED_FUNCTION = YES;
				GCC_WARN_UNUSED_VARIABLE = YES;
				IPHONEOS_DEPLOYMENT_TARGET = 17.5;
				LOCALIZATION_PREFERS_STRING_CATALOGS = YES;
				MTL_ENABLE_DEBUG_INFO = INCLUDE_SOURCE;
				MTL_FAST_MATH = YES;
				ONLY_ACTIVE_ARCH = YES;
				SDKROOT = iphoneos;
				SWIFT_ACTIVE_COMPILATION_CONDITIONS = "DEBUG $(inherited)";
				SWIFT_OPTIMIZATION_LEVEL = "-Onone";
			};
			name = Debug;
		};
		6BC1071F2CC738D600A2FEDC /* Release */ = {
			isa = XCBuildConfiguration;
			buildSettings = {
				ALWAYS_SEARCH_USER_PATHS = NO;
				ASSETCATALOG_COMPILER_GENERATE_SWIFT_ASSET_SYMBOL_EXTENSIONS = YES;
				CLANG_ANALYZER_NONNULL = YES;
				CLANG_ANALYZER_NUMBER_OBJECT_CONVERSION = YES_AGGRESSIVE;
				CLANG_CXX_LANGUAGE_STANDARD = "gnu++20";
				CLANG_ENABLE_MODULES = YES;
				CLANG_ENABLE_OBJC_ARC = YES;
				CLANG_ENABLE_OBJC_WEAK = YES;
				CLANG_WARN_BLOCK_CAPTURE_AUTORELEASING = YES;
				CLANG_WARN_BOOL_CONVERSION = YES;
				CLANG_WARN_COMMA = YES;
				CLANG_WARN_CONSTANT_CONVERSION = YES;
				CLANG_WARN_DEPRECATED_OBJC_IMPLEMENTATIONS = YES;
				CLANG_WARN_DIRECT_OBJC_ISA_USAGE = YES_ERROR;
				CLANG_WARN_DOCUMENTATION_COMMENTS = YES;
				CLANG_WARN_EMPTY_BODY = YES;
				CLANG_WARN_ENUM_CONVERSION = YES;
				CLANG_WARN_INFINITE_RECURSION = YES;
				CLANG_WARN_INT_CONVERSION = YES;
				CLANG_WARN_NON_LITERAL_NULL_CONVERSION = YES;
				CLANG_WARN_OBJC_IMPLICIT_RETAIN_SELF = YES;
				CLANG_WARN_OBJC_LITERAL_CONVERSION = YES;
				CLANG_WARN_OBJC_ROOT_CLASS = YES_ERROR;
				CLANG_WARN_QUOTED_INCLUDE_IN_FRAMEWORK_HEADER = YES;
				CLANG_WARN_RANGE_LOOP_ANALYSIS = YES;
				CLANG_WARN_STRICT_PROTOTYPES = YES;
				CLANG_WARN_SUSPICIOUS_MOVE = YES;
				CLANG_WARN_UNGUARDED_AVAILABILITY = YES_AGGRESSIVE;
				CLANG_WARN_UNREACHABLE_CODE = YES;
				CLANG_WARN__DUPLICATE_METHOD_MATCH = YES;
				COPY_PHASE_STRIP = NO;
				DEBUG_INFORMATION_FORMAT = "dwarf-with-dsym";
				ENABLE_NS_ASSERTIONS = NO;
				ENABLE_STRICT_OBJC_MSGSEND = YES;
				ENABLE_USER_SCRIPT_SANDBOXING = NO;
				GCC_C_LANGUAGE_STANDARD = gnu17;
				GCC_NO_COMMON_BLOCKS = YES;
				GCC_WARN_64_TO_32_BIT_CONVERSION = YES;
				GCC_WARN_ABOUT_RETURN_TYPE = YES_ERROR;
				GCC_WARN_UNDECLARED_SELECTOR = YES;
				GCC_WARN_UNINITIALIZED_AUTOS = YES_AGGRESSIVE;
				GCC_WARN_UNUSED_FUNCTION = YES;
				GCC_WARN_UNUSED_VARIABLE = YES;
				IPHONEOS_DEPLOYMENT_TARGET = 17.5;
				LOCALIZATION_PREFERS_STRING_CATALOGS = YES;
				MTL_ENABLE_DEBUG_INFO = NO;
				MTL_FAST_MATH = YES;
				SDKROOT = iphoneos;
				SWIFT_COMPILATION_MODE = wholemodule;
				VALIDATE_PRODUCT = YES;
			};
			name = Release;
		};
		6BC107212CC738D600A2FEDC /* Debug */ = {
			isa = XCBuildConfiguration;
			baseConfigurationReference = A66819F87E8C807D11E2332C /* Pods-CocoaPods.debug.xcconfig */;
			buildSettings = {
				ASSETCATALOG_COMPILER_APPICON_NAME = AppIcon;
				ASSETCATALOG_COMPILER_GLOBAL_ACCENT_COLOR_NAME = AccentColor;
				CODE_SIGN_STYLE = Automatic;
				CURRENT_PROJECT_VERSION = 1;
				DEVELOPMENT_TEAM = 9A722U8236;
				GENERATE_INFOPLIST_FILE = YES;
				INFOPLIST_FILE = CocoaPods/Info.plist;
				INFOPLIST_KEY_UIApplicationSupportsIndirectInputEvents = YES;
				INFOPLIST_KEY_UILaunchStoryboardName = LaunchScreen;
				INFOPLIST_KEY_UIMainStoryboardFile = Main;
				INFOPLIST_KEY_UISupportedInterfaceOrientations_iPad = "UIInterfaceOrientationPortrait UIInterfaceOrientationPortraitUpsideDown UIInterfaceOrientationLandscapeLeft UIInterfaceOrientationLandscapeRight";
				INFOPLIST_KEY_UISupportedInterfaceOrientations_iPhone = "UIInterfaceOrientationPortrait UIInterfaceOrientationLandscapeLeft UIInterfaceOrientationLandscapeRight";
				LD_RUNPATH_SEARCH_PATHS = (
					"$(inherited)",
					"@executable_path/Frameworks",
				);
				MARKETING_VERSION = 1.0;
				PRODUCT_BUNDLE_IDENTIFIER = jialihan.com.nuios.CocoaPods;
				PRODUCT_NAME = "$(TARGET_NAME)";
				SWIFT_EMIT_LOC_STRINGS = YES;
				SWIFT_VERSION = 5.0;
				TARGETED_DEVICE_FAMILY = "1,2";
			};
			name = Debug;
		};
		6BC107222CC738D600A2FEDC /* Release */ = {
			isa = XCBuildConfiguration;
			baseConfigurationReference = C2C19A371F7A6219EDAD5288 /* Pods-CocoaPods.release.xcconfig */;
			buildSettings = {
				ASSETCATALOG_COMPILER_APPICON_NAME = AppIcon;
				ASSETCATALOG_COMPILER_GLOBAL_ACCENT_COLOR_NAME = AccentColor;
				CODE_SIGN_STYLE = Automatic;
				CURRENT_PROJECT_VERSION = 1;
				DEVELOPMENT_TEAM = 9A722U8236;
				GENERATE_INFOPLIST_FILE = YES;
				INFOPLIST_FILE = CocoaPods/Info.plist;
				INFOPLIST_KEY_UIApplicationSupportsIndirectInputEvents = YES;
				INFOPLIST_KEY_UILaunchStoryboardName = LaunchScreen;
				INFOPLIST_KEY_UIMainStoryboardFile = Main;
				INFOPLIST_KEY_UISupportedInterfaceOrientations_iPad = "UIInterfaceOrientationPortrait UIInterfaceOrientationPortraitUpsideDown UIInterfaceOrientationLandscapeLeft UIInterfaceOrientationLandscapeRight";
				INFOPLIST_KEY_UISupportedInterfaceOrientations_iPhone = "UIInterfaceOrientationPortrait UIInterfaceOrientationLandscapeLeft UIInterfaceOrientationLandscapeRight";
				LD_RUNPATH_SEARCH_PATHS = (
					"$(inherited)",
					"@executable_path/Frameworks",
				);
				MARKETING_VERSION = 1.0;
				PRODUCT_BUNDLE_IDENTIFIER = jialihan.com.nuios.CocoaPods;
				PRODUCT_NAME = "$(TARGET_NAME)";
				SWIFT_EMIT_LOC_STRINGS = YES;
				SWIFT_VERSION = 5.0;
				TARGETED_DEVICE_FAMILY = "1,2";
			};
			name = Release;
		};
/* End XCBuildConfiguration section */

/* Begin XCConfigurationList section */
		6BC107072CC738D500A2FEDC /* Build configuration list for PBXProject "CocoaPods" */ = {
			isa = XCConfigurationList;
			buildConfigurations = (
				6BC1071E2CC738D600A2FEDC /* Debug */,
				6BC1071F2CC738D600A2FEDC /* Release */,
			);
			defaultConfigurationIsVisible = 0;
			defaultConfigurationName = Release;
		};
		6BC107202CC738D600A2FEDC /* Build configuration list for PBXNativeTarget "CocoaPods" */ = {
			isa = XCConfigurationList;
			buildConfigurations = (
				6BC107212CC738D600A2FEDC /* Debug */,
				6BC107222CC738D600A2FEDC /* Release */,
			);
			defaultConfigurationIsVisible = 0;
			defaultConfigurationName = Release;
		};
/* End XCConfigurationList section */
	};
	rootObject = 6BC107042CC738D500A2FEDC /* Project object */;
}
